
Microsoft Visual Studio Solution File, Format Version 12.00
# Visual Studio Version 16
VisualStudioVersion = 16.0.31515.178
MinimumVisualStudioVersion = 10.0.40219.1
Project("{FAE04EC0-301F-11D3-BF4B-00C04F79EFBC}") = "StaticStatement", "StaticStatement\StaticStatement.csproj", "{E3EB6B5A-851B-4682-95F9-47A66C9A7F40}"
EndProject
Global
	GlobalSection(SolutionConfigurationPlatforms) = preSolution
		Debug|Any CPU = Debug|Any CPU
		Release|Any CPU = Release|Any CPU
	EndGlobalSection
	GlobalSection(ProjectConfigurationPlatforms) = postSolution
		{E3EB6B5A-851B-4682-95F9-47A66C9A7F40}.Debug|Any CPU.ActiveCfg = Debug|Any CPU
		{E3EB6B5A-851B-4682-95F9-47A66C9A7F40}.Debug|Any CPU.Build.0 = Debug|Any CPU
		{E3EB6B5A-851B-4682-95F9-47A66C9A7F40}.Release|Any CPU.ActiveCfg = Release|Any CPU
		{E3EB6B5A-851B-4682-95F9-47A66C9A7F40}.Release|Any CPU.Build.0 = Release|Any CPU
	EndGlobalSection
	GlobalSection(SolutionProperties) = preSolution
		HideSolutionNode = FALSE
	EndGlobalSection
	GlobalSection(ExtensibilityGlobals) = postSolution
		SolutionGuid = {9CF97257-DCBB-4BBF-AA76-39FCFEF73A1F}
	EndGlobalSection
EndGlobal
