
Microsoft Visual Studio Solution File, Format Version 12.00
# Visual Studio Version 16
VisualStudioVersion = 16.0.31515.178
MinimumVisualStudioVersion = 10.0.40219.1
Project("{FAE04EC0-301F-11D3-BF4B-00C04F79EFBC}") = "random", "random\random.csproj", "{0B4AD632-D93C-4397-BF60-2C685119F75C}"
EndProject
Global
	GlobalSection(SolutionConfigurationPlatforms) = preSolution
		Debug|Any CPU = Debug|Any CPU
		Release|Any CPU = Release|Any CPU
	EndGlobalSection
	GlobalSection(ProjectConfigurationPlatforms) = postSolution
		{0B4AD632-D93C-4397-BF60-2C685119F75C}.Debug|Any CPU.ActiveCfg = Debug|Any CPU
		{0B4AD632-D93C-4397-BF60-2C685119F75C}.Debug|Any CPU.Build.0 = Debug|Any CPU
		{0B4AD632-D93C-4397-BF60-2C685119F75C}.Release|Any CPU.ActiveCfg = Release|Any CPU
		{0B4AD632-D93C-4397-BF60-2C685119F75C}.Release|Any CPU.Build.0 = Release|Any CPU
	EndGlobalSection
	GlobalSection(SolutionProperties) = preSolution
		HideSolutionNode = FALSE
	EndGlobalSection
	GlobalSection(ExtensibilityGlobals) = postSolution
		SolutionGuid = {B255C506-667D-44B5-A317-2AC9A232010B}
	EndGlobalSection
EndGlobal
