
Microsoft Visual Studio Solution File, Format Version 12.00
# Visual Studio Version 16
VisualStudioVersion = 16.0.31515.178
MinimumVisualStudioVersion = 10.0.40219.1
Project("{FAE04EC0-301F-11D3-BF4B-00C04F79EFBC}") = "Interface", "Interface\Interface.csproj", "{80D61F59-F838-498D-A6FC-636C0F5D9F5F}"
EndProject
Global
	GlobalSection(SolutionConfigurationPlatforms) = preSolution
		Debug|Any CPU = Debug|Any CPU
		Release|Any CPU = Release|Any CPU
	EndGlobalSection
	GlobalSection(ProjectConfigurationPlatforms) = postSolution
		{80D61F59-F838-498D-A6FC-636C0F5D9F5F}.Debug|Any CPU.ActiveCfg = Debug|Any CPU
		{80D61F59-F838-498D-A6FC-636C0F5D9F5F}.Debug|Any CPU.Build.0 = Debug|Any CPU
		{80D61F59-F838-498D-A6FC-636C0F5D9F5F}.Release|Any CPU.ActiveCfg = Release|Any CPU
		{80D61F59-F838-498D-A6FC-636C0F5D9F5F}.Release|Any CPU.Build.0 = Release|Any CPU
	EndGlobalSection
	GlobalSection(SolutionProperties) = preSolution
		HideSolutionNode = FALSE
	EndGlobalSection
	GlobalSection(ExtensibilityGlobals) = postSolution
		SolutionGuid = {748965EF-D770-4661-81AA-995D9C7A1F06}
	EndGlobalSection
EndGlobal
